
Microsoft Visual Studio Solution File, Format Version 12.00
# Visual Studio Version 16
VisualStudioVersion = 16.0.30503.244
MinimumVisualStudioVersion = 10.0.40219.1
Project("{8BC9CEB8-8B4A-11D0-8D11-00A0C91BC942}") = "But Who's Counting", "But Who's Counting\But Who's Counting.vcxproj", "{665016FA-155C-41EC-8FAA-BA4D0653593F}"
EndProject
Global
	GlobalSection(SolutionConfigurationPlatforms) = preSolution
		Debug|x64 = Debug|x64
		Debug|x86 = Debug|x86
		Release|x64 = Release|x64
		Release|x86 = Release|x86
	EndGlobalSection
	GlobalSection(ProjectConfigurationPlatforms) = postSolution
		{665016FA-155C-41EC-8FAA-BA4D0653593F}.Debug|x64.ActiveCfg = Debug|x64
		{665016FA-155C-41EC-8FAA-BA4D0653593F}.Debug|x64.Build.0 = Debug|x64
		{665016FA-155C-41EC-8FAA-BA4D0653593F}.Debug|x86.ActiveCfg = Debug|Win32
		{665016FA-155C-41EC-8FAA-BA4D0653593F}.Debug|x86.Build.0 = Debug|Win32
		{665016FA-155C-41EC-8FAA-BA4D0653593F}.Release|x64.ActiveCfg = Release|x64
		{665016FA-155C-41EC-8FAA-BA4D0653593F}.Release|x64.Build.0 = Release|x64
		{665016FA-155C-41EC-8FAA-BA4D0653593F}.Release|x86.ActiveCfg = Release|Win32
		{665016FA-155C-41EC-8FAA-BA4D0653593F}.Release|x86.Build.0 = Release|Win32
	EndGlobalSection
	GlobalSection(SolutionProperties) = preSolution
		HideSolutionNode = FALSE
	EndGlobalSection
	GlobalSection(ExtensibilityGlobals) = postSolution
		SolutionGuid = {5B24E1BD-98D5-4D8B-9B32-B4F459EA2886}
	EndGlobalSection
EndGlobal
